
Microsoft Visual Studio Solution File, Format Version 12.00
# Visual Studio 2013
VisualStudioVersion = 12.0.21005.1
MinimumVisualStudioVersion = 10.0.40219.1
Project("{FAE04EC0-301F-11D3-BF4B-00C04F79EFBC}") = "AKRemindServer", "AKRemindServer\AKRemindServer.csproj", "{C72E5820-2C7C-4A24-A67D-2CB9CF3201C4}"
EndProject
Project("{FAE04EC0-301F-11D3-BF4B-00C04F79EFBC}") = "AKRemindClient", "..\AKRemindClient\AKRemindClient.csproj", "{550EAF8B-1CC0-4C2E-8232-AB24AA0770F4}"
EndProject
Project("{FAE04EC0-301F-11D3-BF4B-00C04F79EFBC}") = "AKRemindReport", "..\AKRemindReport\AKRemindReport.csproj", "{CFC2433A-F778-4EA0-B4D9-0208C8956D8A}"
EndProject
Global
	GlobalSection(SolutionConfigurationPlatforms) = preSolution
		Debug|Any CPU = Debug|Any CPU
		Release|Any CPU = Release|Any CPU
	EndGlobalSection
	GlobalSection(ProjectConfigurationPlatforms) = postSolution
		{C72E5820-2C7C-4A24-A67D-2CB9CF3201C4}.Debug|Any CPU.ActiveCfg = Debug|Any CPU
		{C72E5820-2C7C-4A24-A67D-2CB9CF3201C4}.Debug|Any CPU.Build.0 = Debug|Any CPU
		{C72E5820-2C7C-4A24-A67D-2CB9CF3201C4}.Release|Any CPU.ActiveCfg = Release|Any CPU
		{C72E5820-2C7C-4A24-A67D-2CB9CF3201C4}.Release|Any CPU.Build.0 = Release|Any CPU
		{550EAF8B-1CC0-4C2E-8232-AB24AA0770F4}.Debug|Any CPU.ActiveCfg = Debug|Any CPU
		{550EAF8B-1CC0-4C2E-8232-AB24AA0770F4}.Debug|Any CPU.Build.0 = Debug|Any CPU
		{550EAF8B-1CC0-4C2E-8232-AB24AA0770F4}.Release|Any CPU.ActiveCfg = Release|Any CPU
		{550EAF8B-1CC0-4C2E-8232-AB24AA0770F4}.Release|Any CPU.Build.0 = Release|Any CPU
		{CFC2433A-F778-4EA0-B4D9-0208C8956D8A}.Debug|Any CPU.ActiveCfg = Debug|Any CPU
		{CFC2433A-F778-4EA0-B4D9-0208C8956D8A}.Debug|Any CPU.Build.0 = Debug|Any CPU
		{CFC2433A-F778-4EA0-B4D9-0208C8956D8A}.Release|Any CPU.ActiveCfg = Release|Any CPU
		{CFC2433A-F778-4EA0-B4D9-0208C8956D8A}.Release|Any CPU.Build.0 = Release|Any CPU
	EndGlobalSection
	GlobalSection(SolutionProperties) = preSolution
		HideSolutionNode = FALSE
	EndGlobalSection
EndGlobal
